
Microsoft Visual Studio Solution File, Format Version 12.00
# Visual Studio Version 17
VisualStudioVersion = 17.14.36408.4 d17.14
MinimumVisualStudioVersion = 10.0.40219.1
Project("{FAE04EC0-301F-11D3-BF4B-00C04F79EFBC}") = "AirportRoutingApi", "AirportRoutingApi.csproj", "{95E2F4DE-8CC0-48E7-8792-E459DA198AF4}"
EndProject
Global
	GlobalSection(SolutionConfigurationPlatforms) = preSolution
		Debug|Any CPU = Debug|Any CPU
		Release|Any CPU = Release|Any CPU
	EndGlobalSection
	GlobalSection(ProjectConfigurationPlatforms) = postSolution
		{95E2F4DE-8CC0-48E7-8792-E459DA198AF4}.Debug|Any CPU.ActiveCfg = Debug|Any CPU
		{95E2F4DE-8CC0-48E7-8792-E459DA198AF4}.Debug|Any CPU.Build.0 = Debug|Any CPU
		{95E2F4DE-8CC0-48E7-8792-E459DA198AF4}.Release|Any CPU.ActiveCfg = Release|Any CPU
		{95E2F4DE-8CC0-48E7-8792-E459DA198AF4}.Release|Any CPU.Build.0 = Release|Any CPU
	EndGlobalSection
	GlobalSection(SolutionProperties) = preSolution
		HideSolutionNode = FALSE
	EndGlobalSection
	GlobalSection(ExtensibilityGlobals) = postSolution
		SolutionGuid = {B568A80C-0FA4-442E-8146-E230F4010738}
	EndGlobalSection
EndGlobal
